
Microsoft Visual Studio Solution File, Format Version 12.00
# Visual Studio Version 17
VisualStudioVersion = 17.4.33213.308
MinimumVisualStudioVersion = 10.0.40219.1
Project("{FAE04EC0-301F-11D3-BF4B-00C04F79EFBC}") = "eTickets", "eTickets\eTickets.csproj", "{BF5BE058-828B-4E99-AED2-8C7E43713F21}"
EndProject
Global
	GlobalSection(SolutionConfigurationPlatforms) = preSolution
		Debug|Any CPU = Debug|Any CPU
		Release|Any CPU = Release|Any CPU
	EndGlobalSection
	GlobalSection(ProjectConfigurationPlatforms) = postSolution
		{BF5BE058-828B-4E99-AED2-8C7E43713F21}.Debug|Any CPU.ActiveCfg = Debug|Any CPU
		{BF5BE058-828B-4E99-AED2-8C7E43713F21}.Debug|Any CPU.Build.0 = Debug|Any CPU
		{BF5BE058-828B-4E99-AED2-8C7E43713F21}.Release|Any CPU.ActiveCfg = Release|Any CPU
		{BF5BE058-828B-4E99-AED2-8C7E43713F21}.Release|Any CPU.Build.0 = Release|Any CPU
	EndGlobalSection
	GlobalSection(SolutionProperties) = preSolution
		HideSolutionNode = FALSE
	EndGlobalSection
	GlobalSection(ExtensibilityGlobals) = postSolution
		SolutionGuid = {C4C6D9B6-710B-49A6-97B0-FF0BFAC4E568}
	EndGlobalSection
EndGlobal
